<Solution>
  <Folder Name="/reqs/">
    <File Path="planning/Adodotnet-databricks-provider.md" />
    <File Path="planning/integration-test-setup.md" />
    <File Path="planning/linq2db-dataprovider.md" />
    <File Path="planning/plan.md" />
    <File Path="planning/token-info.md" />
  </Folder>
  <Folder Name="/src/">
    <Project Path="src/Databricks.AdoNet.Linq2Db/Databricks.AdoNet.Linq2Db.csproj" />
    <Project Path="src/Databricks.AdoNet/Databricks.AdoNet.csproj" />
  </Folder>
  <Folder Name="/tests/">
    <Project Path="tests/Databricks.AdoNet.IntegrationTests/Databricks.AdoNet.IntegrationTests.csproj" />
    <Project Path="tests/Databricks.AdoNet.Linq2Db.IntegrationTests/Databricks.AdoNet.Linq2Db.IntegrationTests.csproj" />
    <Project Path="tests/Databricks.AdoNet.Linq2Db.Tests/Databricks.AdoNet.Linq2Db.Tests.csproj" />
    <Project Path="tests/Databricks.AdoNet.Tests/Databricks.AdoNet.Tests.csproj" />
  </Folder>
</Solution>
